
Microsoft Visual Studio Solution File, Format Version 12.00
# Visual Studio Version 17
VisualStudioVersion = 17.1.32228.430
MinimumVisualStudioVersion = 10.0.40219.1
Project("{FAE04EC0-301F-11D3-BF4B-00C04F79EFBC}") = "ClassLibrary1", "ClassLibrary1\ClassLibrary1.csproj", "{26D6D1D3-EC61-491B-A460-264E3AB6C143}"
EndProject
Project("{FAE04EC0-301F-11D3-BF4B-00C04F79EFBC}") = "UnitTestProject", "UnitTestProject\UnitTestProject.csproj", "{E1317B48-A1F1-4C66-A546-465BB0FB92AE}"
EndProject
Global
	GlobalSection(SolutionConfigurationPlatforms) = preSolution
		Debug|Any CPU = Debug|Any CPU
		Release|Any CPU = Release|Any CPU
	EndGlobalSection
	GlobalSection(ProjectConfigurationPlatforms) = postSolution
		{26D6D1D3-EC61-491B-A460-264E3AB6C143}.Debug|Any CPU.ActiveCfg = Debug|Any CPU
		{26D6D1D3-EC61-491B-A460-264E3AB6C143}.Debug|Any CPU.Build.0 = Debug|Any CPU
		{26D6D1D3-EC61-491B-A460-264E3AB6C143}.Release|Any CPU.ActiveCfg = Release|Any CPU
		{26D6D1D3-EC61-491B-A460-264E3AB6C143}.Release|Any CPU.Build.0 = Release|Any CPU
		{E1317B48-A1F1-4C66-A546-465BB0FB92AE}.Debug|Any CPU.ActiveCfg = Debug|Any CPU
		{E1317B48-A1F1-4C66-A546-465BB0FB92AE}.Debug|Any CPU.Build.0 = Debug|Any CPU
		{E1317B48-A1F1-4C66-A546-465BB0FB92AE}.Release|Any CPU.ActiveCfg = Release|Any CPU
		{E1317B48-A1F1-4C66-A546-465BB0FB92AE}.Release|Any CPU.Build.0 = Release|Any CPU
	EndGlobalSection
	GlobalSection(SolutionProperties) = preSolution
		HideSolutionNode = FALSE
	EndGlobalSection
	GlobalSection(ExtensibilityGlobals) = postSolution
		SolutionGuid = {C0F12B39-1122-4D6D-B50B-AE623BABC56F}
	EndGlobalSection
EndGlobal
